// !$*UTF8*$!
{
	archiveVersion = 1;
	classes = {
	};
	objectVersion = 56;
	objects = {

/* Begin PBXBuildFile section */
		1A0143402BCE73D500409C46 /* Predator.swift in Sources */ = {isa = PBXBuildFile; fileRef = 1A01433F2BCE73D500409C46 /* Predator.swift */; };
		1A0143432BCE940700409C46 /* PredatorViewCell.swift in Sources */ = {isa = PBXBuildFile; fileRef = 1A0143422BCE940700409C46 /* PredatorViewCell.swift */; };
		1A0143452BCEFCB600409C46 /* PhotoViewCell.swift in Sources */ = {isa = PBXBuildFile; fileRef = 1A0143442BCEFCB600409C46 /* PhotoViewCell.swift */; };
		1AFF6D472BCDE438005AB337 /* AppDelegate.swift in Sources */ = {isa = PBXBuildFile; fileRef = 1AFF6D462BCDE438005AB337 /* AppDelegate.swift */; };
		1AFF6D492BCDE438005AB337 /* SceneDelegate.swift in Sources */ = {isa = PBXBuildFile; fileRef = 1AFF6D482BCDE438005AB337 /* SceneDelegate.swift */; };
		1AFF6D4B2BCDE438005AB337 /* PredatorsViewController.swift in Sources */ = {isa = PBXBuildFile; fileRef = 1AFF6D4A2BCDE438005AB337 /* PredatorsViewController.swift */; };
		1AFF6D502BCDE43A005AB337 /* Assets.xcassets in Resources */ = {isa = PBXBuildFile; fileRef = 1AFF6D4F2BCDE43A005AB337 /* Assets.xcassets */; };
		1AFF6D532BCDE43A005AB337 /* LaunchScreen.storyboard in Resources */ = {isa = PBXBuildFile; fileRef = 1AFF6D512BCDE43A005AB337 /* LaunchScreen.storyboard */; };
		1AFF6D5B2BCDED2C005AB337 /* PredatorDetailsViewController.swift in Sources */ = {isa = PBXBuildFile; fileRef = 1AFF6D5A2BCDED2C005AB337 /* PredatorDetailsViewController.swift */; };
		1AFF6D5D2BCDED54005AB337 /* ImageViewController.swift in Sources */ = {isa = PBXBuildFile; fileRef = 1AFF6D5C2BCDED54005AB337 /* ImageViewController.swift */; };
/* End PBXBuildFile section */

/* Begin PBXFileReference section */
		1A01433F2BCE73D500409C46 /* Predator.swift */ = {isa = PBXFileReference; lastKnownFileType = sourcecode.swift; path = Predator.swift; sourceTree = "<group>"; };
		1A0143422BCE940700409C46 /* PredatorViewCell.swift */ = {isa = PBXFileReference; lastKnownFileType = sourcecode.swift; path = PredatorViewCell.swift; sourceTree = "<group>"; };
		1A0143442BCEFCB600409C46 /* PhotoViewCell.swift */ = {isa = PBXFileReference; lastKnownFileType = sourcecode.swift; path = PhotoViewCell.swift; sourceTree = "<group>"; };
		1AFF6D432BCDE438005AB337 /* PredatorsApp.app */ = {isa = PBXFileReference; explicitFileType = wrapper.application; includeInIndex = 0; path = PredatorsApp.app; sourceTree = BUILT_PRODUCTS_DIR; };
		1AFF6D462BCDE438005AB337 /* AppDelegate.swift */ = {isa = PBXFileReference; lastKnownFileType = sourcecode.swift; path = AppDelegate.swift; sourceTree = "<group>"; };
		1AFF6D482BCDE438005AB337 /* SceneDelegate.swift */ = {isa = PBXFileReference; lastKnownFileType = sourcecode.swift; path = SceneDelegate.swift; sourceTree = "<group>"; };
		1AFF6D4A2BCDE438005AB337 /* PredatorsViewController.swift */ = {isa = PBXFileReference; lastKnownFileType = sourcecode.swift; path = PredatorsViewController.swift; sourceTree = "<group>"; };
		1AFF6D4F2BCDE43A005AB337 /* Assets.xcassets */ = {isa = PBXFileReference; lastKnownFileType = folder.assetcatalog; path = Assets.xcassets; sourceTree = "<group>"; };
		1AFF6D522BCDE43A005AB337 /* Base */ = {isa = PBXFileReference; lastKnownFileType = file.storyboard; name = Base; path = Base.lproj/LaunchScreen.storyboard; sourceTree = "<group>"; };
		1AFF6D542BCDE43A005AB337 /* Info.plist */ = {isa = PBXFileReference; lastKnownFileType = text.plist.xml; path = Info.plist; sourceTree = "<group>"; };
		1AFF6D5A2BCDED2C005AB337 /* PredatorDetailsViewController.swift */ = {isa = PBXFileReference; lastKnownFileType = sourcecode.swift; path = PredatorDetailsViewController.swift; sourceTree = "<group>"; };
		1AFF6D5C2BCDED54005AB337 /* ImageViewController.swift */ = {isa = PBXFileReference; lastKnownFileType = sourcecode.swift; path = ImageViewController.swift; sourceTree = "<group>"; };
/* End PBXFileReference section */

/* Begin PBXFrameworksBuildPhase section */
		1AFF6D402BCDE438005AB337 /* Frameworks */ = {
			isa = PBXFrameworksBuildPhase;
			buildActionMask = 2147483647;
			files = (
			);
			runOnlyForDeploymentPostprocessing = 0;
		};
/* End PBXFrameworksBuildPhase section */

/* Begin PBXGroup section */
		1A01433E2BCE73BE00409C46 /* Models */ = {
			isa = PBXGroup;
			children = (
				1A01433F2BCE73D500409C46 /* Predator.swift */,
			);
			path = Models;
			sourceTree = "<group>";
		};
		1A0143412BCE93D400409C46 /* Views */ = {
			isa = PBXGroup;
			children = (
				1A0143422BCE940700409C46 /* PredatorViewCell.swift */,
				1A0143442BCEFCB600409C46 /* PhotoViewCell.swift */,
			);
			path = Views;
			sourceTree = "<group>";
		};
		1AFF6D3A2BCDE438005AB337 = {
			isa = PBXGroup;
			children = (
				1AFF6D452BCDE438005AB337 /* PredatorsApp */,
				1AFF6D442BCDE438005AB337 /* Products */,
			);
			sourceTree = "<group>";
		};
		1AFF6D442BCDE438005AB337 /* Products */ = {
			isa = PBXGroup;
			children = (
				1AFF6D432BCDE438005AB337 /* PredatorsApp.app */,
			);
			name = Products;
			sourceTree = "<group>";
		};
		1AFF6D452BCDE438005AB337 /* PredatorsApp */ = {
			isa = PBXGroup;
			children = (
				1A0143412BCE93D400409C46 /* Views */,
				1A01433E2BCE73BE00409C46 /* Models */,
				1AFF6D5E2BCDEDA4005AB337 /* Controllers */,
				1AFF6D612BCDEDE6005AB337 /* LaunchScreen */,
				1AFF6D602BCDEDD3005AB337 /* Resources */,
				1AFF6D5F2BCDEDC4005AB337 /* App */,
			);
			path = PredatorsApp;
			sourceTree = "<group>";
		};
		1AFF6D5E2BCDEDA4005AB337 /* Controllers */ = {
			isa = PBXGroup;
			children = (
				1AFF6D4A2BCDE438005AB337 /* PredatorsViewController.swift */,
				1AFF6D5A2BCDED2C005AB337 /* PredatorDetailsViewController.swift */,
				1AFF6D5C2BCDED54005AB337 /* ImageViewController.swift */,
			);
			path = Controllers;
			sourceTree = "<group>";
		};
		1AFF6D5F2BCDEDC4005AB337 /* App */ = {
			isa = PBXGroup;
			children = (
				1AFF6D462BCDE438005AB337 /* AppDelegate.swift */,
				1AFF6D482BCDE438005AB337 /* SceneDelegate.swift */,
				1AFF6D542BCDE43A005AB337 /* Info.plist */,
			);
			path = App;
			sourceTree = "<group>";
		};
		1AFF6D602BCDEDD3005AB337 /* Resources */ = {
			isa = PBXGroup;
			children = (
				1AFF6D4F2BCDE43A005AB337 /* Assets.xcassets */,
			);
			path = Resources;
			sourceTree = "<group>";
		};
		1AFF6D612BCDEDE6005AB337 /* LaunchScreen */ = {
			isa = PBXGroup;
			children = (
				1AFF6D512BCDE43A005AB337 /* LaunchScreen.storyboard */,
			);
			path = LaunchScreen;
			sourceTree = "<group>";
		};
/* End PBXGroup section */

/* Begin PBXNativeTarget section */
		1AFF6D422BCDE438005AB337 /* PredatorsApp */ = {
			isa = PBXNativeTarget;
			buildConfigurationList = 1AFF6D572BCDE43A005AB337 /* Build configuration list for PBXNativeTarget "PredatorsApp" */;
			buildPhases = (
				1AFF6D3F2BCDE438005AB337 /* Sources */,
				1AFF6D402BCDE438005AB337 /* Frameworks */,
				1AFF6D412BCDE438005AB337 /* Resources */,
			);
			buildRules = (
			);
			dependencies = (
			);
			name = PredatorsApp;
			productName = PredatorsApp;
			productReference = 1AFF6D432BCDE438005AB337 /* PredatorsApp.app */;
			productType = "com.apple.product-type.application";
		};
/* End PBXNativeTarget section */

/* Begin PBXProject section */
		1AFF6D3B2BCDE438005AB337 /* Project object */ = {
			isa = PBXProject;
			attributes = {
				BuildIndependentTargetsInParallel = 1;
				LastSwiftUpdateCheck = 1520;
				LastUpgradeCheck = 1520;
				TargetAttributes = {
					1AFF6D422BCDE438005AB337 = {
						CreatedOnToolsVersion = 15.2;
					};
				};
			};
			buildConfigurationList = 1AFF6D3E2BCDE438005AB337 /* Build configuration list for PBXProject "PredatorsApp" */;
			compatibilityVersion = "Xcode 14.0";
			developmentRegion = en;
			hasScannedForEncodings = 0;
			knownRegions = (
				en,
				Base,
			);
			mainGroup = 1AFF6D3A2BCDE438005AB337;
			productRefGroup = 1AFF6D442BCDE438005AB337 /* Products */;
			projectDirPath = "";
			projectRoot = "";
			targets = (
				1AFF6D422BCDE438005AB337 /* PredatorsApp */,
			);
		};
/* End PBXProject section */

/* Begin PBXResourcesBuildPhase section */
		1AFF6D412BCDE438005AB337 /* Resources */ = {
			isa = PBXResourcesBuildPhase;
			buildActionMask = 2147483647;
			files = (
				1AFF6D532BCDE43A005AB337 /* LaunchScreen.storyboard in Resources */,
				1AFF6D502BCDE43A005AB337 /* Assets.xcassets in Resources */,
			);
			runOnlyForDeploymentPostprocessing = 0;
		};
/* End PBXResourcesBuildPhase section */

/* Begin PBXSourcesBuildPhase section */
		1AFF6D3F2BCDE438005AB337 /* Sources */ = {
			isa = PBXSourcesBuildPhase;
			buildActionMask = 2147483647;
			files = (
				1A0143432BCE940700409C46 /* PredatorViewCell.swift in Sources */,
				1A0143402BCE73D500409C46 /* Predator.swift in Sources */,
				1AFF6D5B2BCDED2C005AB337 /* PredatorDetailsViewController.swift in Sources */,
				1A0143452BCEFCB600409C46 /* PhotoViewCell.swift in Sources */,
				1AFF6D4B2BCDE438005AB337 /* PredatorsViewController.swift in Sources */,
				1AFF6D5D2BCDED54005AB337 /* ImageViewController.swift in Sources */,
				1AFF6D472BCDE438005AB337 /* AppDelegate.swift in Sources */,
				1AFF6D492BCDE438005AB337 /* SceneDelegate.swift in Sources */,
			);
			runOnlyForDeploymentPostprocessing = 0;
		};
/* End PBXSourcesBuildPhase section */

/* Begin PBXVariantGroup section */
		1AFF6D512BCDE43A005AB337 /* LaunchScreen.storyboard */ = {
			isa = PBXVariantGroup;
			children = (
				1AFF6D522BCDE43A005AB337 /* Base */,
			);
			name = LaunchScreen.storyboard;
			sourceTree = "<group>";
		};
/* End PBXVariantGroup section */

/* Begin XCBuildConfiguration section */
		1AFF6D552BCDE43A005AB337 /* Debug */ = {
			isa = XCBuildConfiguration;
			buildSettings = {
				ALWAYS_SEARCH_USER_PATHS = NO;
				ASSETCATALOG_COMPILER_GENERATE_SWIFT_ASSET_SYMBOL_EXTENSIONS = YES;
				CLANG_ANALYZER_NONNULL = YES;
				CLANG_ANALYZER_NUMBER_OBJECT_CONVERSION = YES_AGGRESSIVE;
				CLANG_CXX_LANGUAGE_STANDARD = "gnu++20";
				CLANG_ENABLE_MODULES = YES;
				CLANG_ENABLE_OBJC_ARC = YES;
				CLANG_ENABLE_OBJC_WEAK = YES;
				CLANG_WARN_BLOCK_CAPTURE_AUTORELEASING = YES;
				CLANG_WARN_BOOL_CONVERSION = YES;
				CLANG_WARN_COMMA = YES;
				CLANG_WARN_CONSTANT_CONVERSION = YES;
				CLANG_WARN_DEPRECATED_OBJC_IMPLEMENTATIONS = YES;
				CLANG_WARN_DIRECT_OBJC_ISA_USAGE = YES_ERROR;
				CLANG_WARN_DOCUMENTATION_COMMENTS = YES;
				CLANG_WARN_EMPTY_BODY = YES;
				CLANG_WARN_ENUM_CONVERSION = YES;
				CLANG_WARN_INFINITE_RECURSION = YES;
				CLANG_WARN_INT_CONVERSION = YES;
				CLANG_WARN_NON_LITERAL_NULL_CONVERSION = YES;
				CLANG_WARN_OBJC_IMPLICIT_RETAIN_SELF = YES;
				CLANG_WARN_OBJC_LITERAL_CONVERSION = YES;
				CLANG_WARN_OBJC_ROOT_CLASS = YES_ERROR;
				CLANG_WARN_QUOTED_INCLUDE_IN_FRAMEWORK_HEADER = YES;
				CLANG_WARN_RANGE_LOOP_ANALYSIS = YES;
				CLANG_WARN_STRICT_PROTOTYPES = YES;
				CLANG_WARN_SUSPICIOUS_MOVE = YES;
				CLANG_WARN_UNGUARDED_AVAILABILITY = YES_AGGRESSIVE;
				CLANG_WARN_UNREACHABLE_CODE = YES;
				CLANG_WARN__DUPLICATE_METHOD_MATCH = YES;
				COPY_PHASE_STRIP = NO;
				DEBUG_INFORMATION_FORMAT = dwarf;
				ENABLE_STRICT_OBJC_MSGSEND = YES;
				ENABLE_TESTABILITY = YES;
				ENABLE_USER_SCRIPT_SANDBOXING = YES;
				GCC_C_LANGUAGE_STANDARD = gnu17;
				GCC_DYNAMIC_NO_PIC = NO;
				GCC_NO_COMMON_BLOCKS = YES;
				GCC_OPTIMIZATION_LEVEL = 0;
				GCC_PREPROCESSOR_DEFINITIONS = (
					"DEBUG=1",
					"$(inherited)",
				);
				GCC_WARN_64_TO_32_BIT_CONVERSION = YES;
				GCC_WARN_ABOUT_RETURN_TYPE = YES_ERROR;
				GCC_WARN_UNDECLARED_SELECTOR = YES;
				GCC_WARN_UNINITIALIZED_AUTOS = YES_AGGRESSIVE;
				GCC_WARN_UNUSED_FUNCTION = YES;
				GCC_WARN_UNUSED_VARIABLE = YES;
				IPHONEOS_DEPLOYMENT_TARGET = 17.2;
				LOCALIZATION_PREFERS_STRING_CATALOGS = YES;
				MTL_ENABLE_DEBUG_INFO = INCLUDE_SOURCE;
				MTL_FAST_MATH = YES;
				ONLY_ACTIVE_ARCH = YES;
				SDKROOT = iphoneos;
				SWIFT_ACTIVE_COMPILATION_CONDITIONS = "DEBUG $(inherited)";
				SWIFT_OPTIMIZATION_LEVEL = "-Onone";
			};
			name = Debug;
		};
		1AFF6D562BCDE43A005AB337 /* Release */ = {
			isa = XCBuildConfiguration;
			buildSettings = {
				ALWAYS_SEARCH_USER_PATHS = NO;
				ASSETCATALOG_COMPILER_GENERATE_SWIFT_ASSET_SYMBOL_EXTENSIONS = YES;
				CLANG_ANALYZER_NONNULL = YES;
				CLANG_ANALYZER_NUMBER_OBJECT_CONVERSION = YES_AGGRESSIVE;
				CLANG_CXX_LANGUAGE_STANDARD = "gnu++20";
				CLANG_ENABLE_MODULES = YES;
				CLANG_ENABLE_OBJC_ARC = YES;
				CLANG_ENABLE_OBJC_WEAK = YES;
				CLANG_WARN_BLOCK_CAPTURE_AUTORELEASING = YES;
				CLANG_WARN_BOOL_CONVERSION = YES;
				CLANG_WARN_COMMA = YES;
				CLANG_WARN_CONSTANT_CONVERSION = YES;
				CLANG_WARN_DEPRECATED_OBJC_IMPLEMENTATIONS = YES;
				CLANG_WARN_DIRECT_OBJC_ISA_USAGE = YES_ERROR;
				CLANG_WARN_DOCUMENTATION_COMMENTS = YES;
				CLANG_WARN_EMPTY_BODY = YES;
				CLANG_WARN_ENUM_CONVERSION = YES;
				CLANG_WARN_INFINITE_RECURSION = YES;
				CLANG_WARN_INT_CONVERSION = YES;
				CLANG_WARN_NON_LITERAL_NULL_CONVERSION = YES;
				CLANG_WARN_OBJC_IMPLICIT_RETAIN_SELF = YES;
				CLANG_WARN_OBJC_LITERAL_CONVERSION = YES;
				CLANG_WARN_OBJC_ROOT_CLASS = YES_ERROR;
				CLANG_WARN_QUOTED_INCLUDE_IN_FRAMEWORK_HEADER = YES;
				CLANG_WARN_RANGE_LOOP_ANALYSIS = YES;
				CLANG_WARN_STRICT_PROTOTYPES = YES;
				CLANG_WARN_SUSPICIOUS_MOVE = YES;
				CLANG_WARN_UNGUARDED_AVAILABILITY = YES_AGGRESSIVE;
				CLANG_WARN_UNREACHABLE_CODE = YES;
				CLANG_WARN__DUPLICATE_METHOD_MATCH = YES;
				COPY_PHASE_STRIP = NO;
				DEBUG_INFORMATION_FORMAT = "dwarf-with-dsym";
				ENABLE_NS_ASSERTIONS = NO;
				ENABLE_STRICT_OBJC_MSGSEND = YES;
				ENABLE_USER_SCRIPT_SANDBOXING = YES;
				GCC_C_LANGUAGE_STANDARD = gnu17;
				GCC_NO_COMMON_BLOCKS = YES;
				GCC_WARN_64_TO_32_BIT_CONVERSION = YES;
				GCC_WARN_ABOUT_RETURN_TYPE = YES_ERROR;
				GCC_WARN_UNDECLARED_SELECTOR = YES;
				GCC_WARN_UNINITIALIZED_AUTOS = YES_AGGRESSIVE;
				GCC_WARN_UNUSED_FUNCTION = YES;
				GCC_WARN_UNUSED_VARIABLE = YES;
				IPHONEOS_DEPLOYMENT_TARGET = 17.2;
				LOCALIZATION_PREFERS_STRING_CATALOGS = YES;
				MTL_ENABLE_DEBUG_INFO = NO;
				MTL_FAST_MATH = YES;
				SDKROOT = iphoneos;
				SWIFT_COMPILATION_MODE = wholemodule;
				VALIDATE_PRODUCT = YES;
			};
			name = Release;
		};
		1AFF6D582BCDE43A005AB337 /* Debug */ = {
			isa = XCBuildConfiguration;
			buildSettings = {
				ASSETCATALOG_COMPILER_APPICON_NAME = AppIcon;
				ASSETCATALOG_COMPILER_GLOBAL_ACCENT_COLOR_NAME = AccentColor;
				CODE_SIGN_STYLE = Automatic;
				CURRENT_PROJECT_VERSION = 1;
				DEVELOPMENT_TEAM = QZ329TNU43;
				GENERATE_INFOPLIST_FILE = YES;
				INFOPLIST_FILE = PredatorsApp/App/Info.plist;
				INFOPLIST_KEY_UIApplicationSupportsIndirectInputEvents = YES;
				INFOPLIST_KEY_UILaunchStoryboardName = LaunchScreen;
				INFOPLIST_KEY_UISupportedInterfaceOrientations = UIInterfaceOrientationPortrait;
				INFOPLIST_KEY_UISupportedInterfaceOrientations_iPad = "UIInterfaceOrientationPortrait UIInterfaceOrientationPortraitUpsideDown";
				LD_RUNPATH_SEARCH_PATHS = (
					"$(inherited)",
					"@executable_path/Frameworks",
				);
				MARKETING_VERSION = 1.0;
				PRODUCT_BUNDLE_IDENTIFIER = iosmaster.com.PredatorsApp;
				PRODUCT_NAME = "$(TARGET_NAME)";
				SUPPORTED_PLATFORMS = "iphoneos iphonesimulator";
				SUPPORTS_MACCATALYST = NO;
				SUPPORTS_MAC_DESIGNED_FOR_IPHONE_IPAD = NO;
				SUPPORTS_XR_DESIGNED_FOR_IPHONE_IPAD = NO;
				SWIFT_EMIT_LOC_STRINGS = YES;
				SWIFT_VERSION = 5.0;
				TARGETED_DEVICE_FAMILY = 1;
			};
			name = Debug;
		};
		1AFF6D592BCDE43A005AB337 /* Release */ = {
			isa = XCBuildConfiguration;
			buildSettings = {
				ASSETCATALOG_COMPILER_APPICON_NAME = AppIcon;
				ASSETCATALOG_COMPILER_GLOBAL_ACCENT_COLOR_NAME = AccentColor;
				CODE_SIGN_STYLE = Automatic;
				CURRENT_PROJECT_VERSION = 1;
				DEVELOPMENT_TEAM = QZ329TNU43;
				GENERATE_INFOPLIST_FILE = YES;
				INFOPLIST_FILE = PredatorsApp/App/Info.plist;
				INFOPLIST_KEY_UIApplicationSupportsIndirectInputEvents = YES;
				INFOPLIST_KEY_UILaunchStoryboardName = LaunchScreen;
				INFOPLIST_KEY_UISupportedInterfaceOrientations = UIInterfaceOrientationPortrait;
				INFOPLIST_KEY_UISupportedInterfaceOrientations_iPad = "UIInterfaceOrientationPortrait UIInterfaceOrientationPortraitUpsideDown";
				LD_RUNPATH_SEARCH_PATHS = (
					"$(inherited)",
					"@executable_path/Frameworks",
				);
				MARKETING_VERSION = 1.0;
				PRODUCT_BUNDLE_IDENTIFIER = iosmaster.com.PredatorsApp;
				PRODUCT_NAME = "$(TARGET_NAME)";
				SUPPORTED_PLATFORMS = "iphoneos iphonesimulator";
				SUPPORTS_MACCATALYST = NO;
				SUPPORTS_MAC_DESIGNED_FOR_IPHONE_IPAD = NO;
				SUPPORTS_XR_DESIGNED_FOR_IPHONE_IPAD = NO;
				SWIFT_EMIT_LOC_STRINGS = YES;
				SWIFT_VERSION = 5.0;
				TARGETED_DEVICE_FAMILY = 1;
			};
			name = Release;
		};
/* End XCBuildConfiguration section */

/* Begin XCConfigurationList section */
		1AFF6D3E2BCDE438005AB337 /* Build configuration list for PBXProject "PredatorsApp" */ = {
			isa = XCConfigurationList;
			buildConfigurations = (
				1AFF6D552BCDE43A005AB337 /* Debug */,
				1AFF6D562BCDE43A005AB337 /* Release */,
			);
			defaultConfigurationIsVisible = 0;
			defaultConfigurationName = Release;
		};
		1AFF6D572BCDE43A005AB337 /* Build configuration list for PBXNativeTarget "PredatorsApp" */ = {
			isa = XCConfigurationList;
			buildConfigurations = (
				1AFF6D582BCDE43A005AB337 /* Debug */,
				1AFF6D592BCDE43A005AB337 /* Release */,
			);
			defaultConfigurationIsVisible = 0;
			defaultConfigurationName = Release;
		};
/* End XCConfigurationList section */
	};
	rootObject = 1AFF6D3B2BCDE438005AB337 /* Project object */;
}
